
Microsoft Visual Studio Solution File, Format Version 12.00
# Visual Studio Version 17
VisualStudioVersion = 17.10.35027.167
MinimumVisualStudioVersion = 10.0.40219.1
Project("{FAE04EC0-301F-11D3-BF4B-00C04F79EFBC}") = "CoreMVCCodeFirst", "CoreMVCCodeFirst\CoreMVCCodeFirst.csproj", "{49BA561D-EC6C-4BBE-AF08-F35672AD6A26}"
EndProject
Global
	GlobalSection(SolutionConfigurationPlatforms) = preSolution
		Debug|Any CPU = Debug|Any CPU
		Release|Any CPU = Release|Any CPU
	EndGlobalSection
	GlobalSection(ProjectConfigurationPlatforms) = postSolution
		{49BA561D-EC6C-4BBE-AF08-F35672AD6A26}.Debug|Any CPU.ActiveCfg = Debug|Any CPU
		{49BA561D-EC6C-4BBE-AF08-F35672AD6A26}.Debug|Any CPU.Build.0 = Debug|Any CPU
		{49BA561D-EC6C-4BBE-AF08-F35672AD6A26}.Release|Any CPU.ActiveCfg = Release|Any CPU
		{49BA561D-EC6C-4BBE-AF08-F35672AD6A26}.Release|Any CPU.Build.0 = Release|Any CPU
	EndGlobalSection
	GlobalSection(SolutionProperties) = preSolution
		HideSolutionNode = FALSE
	EndGlobalSection
	GlobalSection(ExtensibilityGlobals) = postSolution
		SolutionGuid = {839FBDCA-8932-4F29-9FBC-5AF8571C39F1}
	EndGlobalSection
EndGlobal
